github.com/MasterDimmy/go-cls v0.0.1 h1:vjdA29bIJVNJgHIbNRvdI5CW8xrxewvhYY0mWdv+lS4=
github.com/MasterDimmy/go-cls v0.0.1/go.mod h1:9GHKg2gqVQrEHbhktGpeMVeY/VeUm+jWUrgaaflp8N8=
github.com/admin100/util v0.0.0-20140530033631-049b6f70d185 h1:Vlosg6U9omUMSP37o8qlfeFLH86QQ8Gm9Yn/aIbtBTA=
github.com/admin100/util v0.0.0-20140530033631-049b6f70d185/go.mod h1:32UjMKcWmR/qyQVrNOqcalmXR2F37eDweOU+F/Mhlqk=
